
Microsoft Visual Studio Solution File, Format Version 12.00
# Visual Studio 15
Project("{FAE04EC0-301F-11D3-BF4B-00C04F79EFBC}") = "UnityEngine.TestRunner", "UnityEngine.TestRunner.csproj", "{FA80F1BE-E16C-2376-90C6-449C3EC706BD}"
EndProject
Project("{FAE04EC0-301F-11D3-BF4B-00C04F79EFBC}") = "UnityEngine.UI", "UnityEngine.UI.csproj", "{16B2450D-F7C4-254E-1512-3C44B8013541}"
EndProject
Project("{FAE04EC0-301F-11D3-BF4B-00C04F79EFBC}") = "Unity.VisualScripting.Flow", "Unity.VisualScripting.Flow.csproj", "{3F01E6CC-EF7D-3BD6-1777-4A1E0D8133DD}"
EndProject
Project("{FAE04EC0-301F-11D3-BF4B-00C04F79EFBC}") = "Unity.Services.Core.Telemetry", "Unity.Services.Core.Telemetry.csproj", "{A58DD1D3-54DF-CA18-D15B-B1BA6F52E3B2}"
EndProject
Project("{FAE04EC0-301F-11D3-BF4B-00C04F79EFBC}") = "Unity.VisualScripting.State", "Unity.VisualScripting.State.csproj", "{AAD9CDE2-E3F9-9C49-FA5E-B78544C6672B}"
EndProject
Project("{FAE04EC0-301F-11D3-BF4B-00C04F79EFBC}") = "Unity.VisualScripting.Core", "Unity.VisualScripting.Core.csproj", "{8103C8C3-5DC0-A9A8-B3E0-53B6117AF321}"
EndProject
Project("{FAE04EC0-301F-11D3-BF4B-00C04F79EFBC}") = "Unity.Services.Core.Environments.Internal", "Unity.Services.Core.Environments.Internal.csproj", "{C2F0E2D6-0A98-E69E-6FE9-8D731E2C13CF}"
EndProject
Project("{FAE04EC0-301F-11D3-BF4B-00C04F79EFBC}") = "Unity.TextMeshPro", "Unity.TextMeshPro.csproj", "{483DD61A-530C-15A1-6B22-7A840B330304}"
EndProject
Project("{FAE04EC0-301F-11D3-BF4B-00C04F79EFBC}") = "Unity.Timeline", "Unity.Timeline.csproj", "{9FAF7CCB-84DA-57F0-8C5D-619D474E6C52}"
EndProject
Project("{FAE04EC0-301F-11D3-BF4B-00C04F79EFBC}") = "Unity.Services.Core", "Unity.Services.Core.csproj", "{4369D608-CEF7-9B2F-EFC7-914EF4C2AE3E}"
EndProject
Project("{FAE04EC0-301F-11D3-BF4B-00C04F79EFBC}") = "Unity.Services.Core.Environments", "Unity.Services.Core.Environments.csproj", "{3C319D2E-6502-39DA-46C8-9E2DC889C518}"
EndProject
Project("{FAE04EC0-301F-11D3-BF4B-00C04F79EFBC}") = "Unity.Services.Core.Internal", "Unity.Services.Core.Internal.csproj", "{A0E165E4-A6AE-452A-D45C-193971AA9FE7}"
EndProject
Project("{FAE04EC0-301F-11D3-BF4B-00C04F79EFBC}") = "Unity.Services.Core.Analytics", "Unity.Services.Core.Analytics.csproj", "{9F414AC9-FE80-D19B-33E2-28ADBD15329E}"
EndProject
Project("{FAE04EC0-301F-11D3-BF4B-00C04F79EFBC}") = "Unity.Services.Core.Scheduler", "Unity.Services.Core.Scheduler.csproj", "{A6417FC6-1F75-7DD6-3634-F7F64AB22FEF}"
EndProject
Project("{FAE04EC0-301F-11D3-BF4B-00C04F79EFBC}") = "Unity.Services.Core.Registration", "Unity.Services.Core.Registration.csproj", "{CA33247C-2A19-B613-13C6-E115287CB67F}"
EndProject
Project("{FAE04EC0-301F-11D3-BF4B-00C04F79EFBC}") = "Unity.Services.Core.Device", "Unity.Services.Core.Device.csproj", "{FBBB38F5-4193-D933-615B-C52B795D95B0}"
EndProject
Project("{FAE04EC0-301F-11D3-BF4B-00C04F79EFBC}") = "Unity.Services.Core.Threading", "Unity.Services.Core.Threading.csproj", "{FA18FB01-C4A0-48E0-CFEF-019690128582}"
EndProject
Project("{FAE04EC0-301F-11D3-BF4B-00C04F79EFBC}") = "Unity.Services.Core.Networking", "Unity.Services.Core.Networking.csproj", "{1A7A3534-2D66-CD03-0020-195394274F16}"
EndProject
Project("{FAE04EC0-301F-11D3-BF4B-00C04F79EFBC}") = "Assembly-CSharp", "Assembly-CSharp.csproj", "{8DC9A03E-E673-F2D5-DB8A-DC267C1CA3CE}"
EndProject
Project("{FAE04EC0-301F-11D3-BF4B-00C04F79EFBC}") = "Unity.Services.Core.Configuration", "Unity.Services.Core.Configuration.csproj", "{C90DF20F-1C41-0649-F76A-85B2FB8460DC}"
EndProject
Project("{FAE04EC0-301F-11D3-BF4B-00C04F79EFBC}") = "Unity.PlasticSCM.Editor", "Unity.PlasticSCM.Editor.csproj", "{23127F29-3E22-A61A-A52E-CCD0C3B2739F}"
EndProject
Project("{FAE04EC0-301F-11D3-BF4B-00C04F79EFBC}") = "Unity.VisualScripting.Core.Editor", "Unity.VisualScripting.Core.Editor.csproj", "{31B0D843-C375-6BEF-1CFF-F922E1DA73B8}"
EndProject
Project("{FAE04EC0-301F-11D3-BF4B-00C04F79EFBC}") = "Unity.VisualScripting.Flow.Editor", "Unity.VisualScripting.Flow.Editor.csproj", "{4F2411B9-3730-2D31-F633-701BC5914272}"
EndProject
Project("{FAE04EC0-301F-11D3-BF4B-00C04F79EFBC}") = "Unity.VisualStudio.Editor", "Unity.VisualStudio.Editor.csproj", "{4DDF11D3-9740-AA7B-F0ED-A53679CE38E5}"
EndProject
Project("{FAE04EC0-301F-11D3-BF4B-00C04F79EFBC}") = "Unity.Timeline.Editor", "Unity.Timeline.Editor.csproj", "{127418D1-47C3-2F4C-19DA-89DA854F458B}"
EndProject
Project("{FAE04EC0-301F-11D3-BF4B-00C04F79EFBC}") = "Unity.VisualScripting.State.Editor", "Unity.VisualScripting.State.Editor.csproj", "{47EABF19-0969-3BF5-3EE8-6F47EB3B7A2B}"
EndProject
Project("{FAE04EC0-301F-11D3-BF4B-00C04F79EFBC}") = "Unity.TextMeshPro.Editor", "Unity.TextMeshPro.Editor.csproj", "{C3FB5B78-1F93-445B-69AD-0AC1F1B90673}"
EndProject
Project("{FAE04EC0-301F-11D3-BF4B-00C04F79EFBC}") = "Unity.VisualScripting.SettingsProvider.Editor", "Unity.VisualScripting.SettingsProvider.Editor.csproj", "{2AA20FA9-541F-BE71-68CE-B51258CA87FC}"
EndProject
Project("{FAE04EC0-301F-11D3-BF4B-00C04F79EFBC}") = "Unity.CollabProxy.Editor", "Unity.CollabProxy.Editor.csproj", "{ACD75155-E525-FFE2-A174-773CC312FA1E}"
EndProject
Project("{FAE04EC0-301F-11D3-BF4B-00C04F79EFBC}") = "UnityEditor.TestRunner", "UnityEditor.TestRunner.csproj", "{7349A92B-5130-B64A-FDC2-8D05C1D07D26}"
EndProject
Project("{FAE04EC0-301F-11D3-BF4B-00C04F79EFBC}") = "Unity.Services.Core.Editor", "Unity.Services.Core.Editor.csproj", "{534C0DCD-0C90-71DF-5567-819C92E4C91E}"
EndProject
Project("{FAE04EC0-301F-11D3-BF4B-00C04F79EFBC}") = "Unity.TestTools.CodeCoverage.Editor", "Unity.TestTools.CodeCoverage.Editor.csproj", "{C2147E33-1050-83F6-5BB3-18C6A000AC13}"
EndProject
Project("{FAE04EC0-301F-11D3-BF4B-00C04F79EFBC}") = "Unity.Rider.Editor", "Unity.Rider.Editor.csproj", "{79DCBDD9-542F-368D-CA6E-2C273F1B7999}"
EndProject
Project("{FAE04EC0-301F-11D3-BF4B-00C04F79EFBC}") = "Unity.Performance.Profile-Analyzer.Editor", "Unity.Performance.Profile-Analyzer.Editor.csproj", "{64E4CF61-9B27-9106-D3E1-7785AFFDCF17}"
EndProject
Project("{FAE04EC0-301F-11D3-BF4B-00C04F79EFBC}") = "Unity.VSCode.Editor", "Unity.VSCode.Editor.csproj", "{42B946DE-CEAD-E2BB-5799-9D4B91586F29}"
EndProject
Project("{FAE04EC0-301F-11D3-BF4B-00C04F79EFBC}") = "UnityEditor.UI", "UnityEditor.UI.csproj", "{3D079098-B056-B310-F345-29F5F9A6F702}"
EndProject
Project("{FAE04EC0-301F-11D3-BF4B-00C04F79EFBC}") = "Unity.TestTools.CodeCoverage.Editor.OpenCover.Model", "Unity.TestTools.CodeCoverage.Editor.OpenCover.Model.csproj", "{B0781ED9-6AF1-5679-7A04-01F6A618AAB5}"
EndProject
Project("{FAE04EC0-301F-11D3-BF4B-00C04F79EFBC}") = "Unity.EditorCoroutines.Editor", "Unity.EditorCoroutines.Editor.csproj", "{F7C6069E-2989-B2F3-35CF-1A5AEE683467}"
EndProject
Project("{FAE04EC0-301F-11D3-BF4B-00C04F79EFBC}") = "Unity.Settings.Editor", "Unity.Settings.Editor.csproj", "{C076D86F-13C7-856A-34DE-DFD6DB6D0995}"
EndProject
Project("{FAE04EC0-301F-11D3-BF4B-00C04F79EFBC}") = "Unity.Services.Core.Configuration.Editor", "Unity.Services.Core.Configuration.Editor.csproj", "{4C5667D5-3AED-A3AE-D27A-53F73B2422EF}"
EndProject
Project("{FAE04EC0-301F-11D3-BF4B-00C04F79EFBC}") = "Unity.TestTools.CodeCoverage.Editor.OpenCover.Mono.Reflection", "Unity.TestTools.CodeCoverage.Editor.OpenCover.Mono.Reflection.csproj", "{A6E4D76C-1212-AE28-FB78-102EDBCBF621}"
EndProject
Project("{FAE04EC0-301F-11D3-BF4B-00C04F79EFBC}") = "Unity.VisualScripting.Shared.Editor", "Unity.VisualScripting.Shared.Editor.csproj", "{4C0D77E8-C349-DD35-30D5-BC224E2DC4E7}"
EndProject
Global
	GlobalSection(SolutionConfigurationPlatforms) = preSolution
		Debug|Any CPU = Debug|Any CPU
		Release|Any CPU = Release|Any CPU
	EndGlobalSection
	GlobalSection(ProjectConfigurationPlatforms) = postSolution
		{FA80F1BE-E16C-2376-90C6-449C3EC706BD}.Debug|Any CPU.ActiveCfg = Debug|Any CPU
		{FA80F1BE-E16C-2376-90C6-449C3EC706BD}.Debug|Any CPU.Build.0 = Debug|Any CPU
		{FA80F1BE-E16C-2376-90C6-449C3EC706BD}.Release|Any CPU.ActiveCfg = Release|Any CPU
		{FA80F1BE-E16C-2376-90C6-449C3EC706BD}.Release|Any CPU.Build.0 = Release|Any CPU
		{16B2450D-F7C4-254E-1512-3C44B8013541}.Debug|Any CPU.ActiveCfg = Debug|Any CPU
		{16B2450D-F7C4-254E-1512-3C44B8013541}.Debug|Any CPU.Build.0 = Debug|Any CPU
		{16B2450D-F7C4-254E-1512-3C44B8013541}.Release|Any CPU.ActiveCfg = Release|Any CPU
		{16B2450D-F7C4-254E-1512-3C44B8013541}.Release|Any CPU.Build.0 = Release|Any CPU
		{3F01E6CC-EF7D-3BD6-1777-4A1E0D8133DD}.Debug|Any CPU.ActiveCfg = Debug|Any CPU
		{3F01E6CC-EF7D-3BD6-1777-4A1E0D8133DD}.Debug|Any CPU.Build.0 = Debug|Any CPU
		{3F01E6CC-EF7D-3BD6-1777-4A1E0D8133DD}.Release|Any CPU.ActiveCfg = Release|Any CPU
		{3F01E6CC-EF7D-3BD6-1777-4A1E0D8133DD}.Release|Any CPU.Build.0 = Release|Any CPU
		{A58DD1D3-54DF-CA18-D15B-B1BA6F52E3B2}.Debug|Any CPU.ActiveCfg = Debug|Any CPU
		{A58DD1D3-54DF-CA18-D15B-B1BA6F52E3B2}.Debug|Any CPU.Build.0 = Debug|Any CPU
		{A58DD1D3-54DF-CA18-D15B-B1BA6F52E3B2}.Release|Any CPU.ActiveCfg = Release|Any CPU
		{A58DD1D3-54DF-CA18-D15B-B1BA6F52E3B2}.Release|Any CPU.Build.0 = Release|Any CPU
		{AAD9CDE2-E3F9-9C49-FA5E-B78544C6672B}.Debug|Any CPU.ActiveCfg = Debug|Any CPU
		{AAD9CDE2-E3F9-9C49-FA5E-B78544C6672B}.Debug|Any CPU.Build.0 = Debug|Any CPU
		{AAD9CDE2-E3F9-9C49-FA5E-B78544C6672B}.Release|Any CPU.ActiveCfg = Release|Any CPU
		{AAD9CDE2-E3F9-9C49-FA5E-B78544C6672B}.Release|Any CPU.Build.0 = Release|Any CPU
		{8103C8C3-5DC0-A9A8-B3E0-53B6117AF321}.Debug|Any CPU.ActiveCfg = Debug|Any CPU
		{8103C8C3-5DC0-A9A8-B3E0-53B6117AF321}.Debug|Any CPU.Build.0 = Debug|Any CPU
		{8103C8C3-5DC0-A9A8-B3E0-53B6117AF321}.Release|Any CPU.ActiveCfg = Release|Any CPU
		{8103C8C3-5DC0-A9A8-B3E0-53B6117AF321}.Release|Any CPU.Build.0 = Release|Any CPU
		{C2F0E2D6-0A98-E69E-6FE9-8D731E2C13CF}.Debug|Any CPU.ActiveCfg = Debug|Any CPU
		{C2F0E2D6-0A98-E69E-6FE9-8D731E2C13CF}.Debug|Any CPU.Build.0 = Debug|Any CPU
		{C2F0E2D6-0A98-E69E-6FE9-8D731E2C13CF}.Release|Any CPU.ActiveCfg = Release|Any CPU
		{C2F0E2D6-0A98-E69E-6FE9-8D731E2C13CF}.Release|Any CPU.Build.0 = Release|Any CPU
		{483DD61A-530C-15A1-6B22-7A840B330304}.Debug|Any CPU.ActiveCfg = Debug|Any CPU
		{483DD61A-530C-15A1-6B22-7A840B330304}.Debug|Any CPU.Build.0 = Debug|Any CPU
		{483DD61A-530C-15A1-6B22-7A840B330304}.Release|Any CPU.ActiveCfg = Release|Any CPU
		{483DD61A-530C-15A1-6B22-7A840B330304}.Release|Any CPU.Build.0 = Release|Any CPU
		{9FAF7CCB-84DA-57F0-8C5D-619D474E6C52}.Debug|Any CPU.ActiveCfg = Debug|Any CPU
		{9FAF7CCB-84DA-57F0-8C5D-619D474E6C52}.Debug|Any CPU.Build.0 = Debug|Any CPU
		{9FAF7CCB-84DA-57F0-8C5D-619D474E6C52}.Release|Any CPU.ActiveCfg = Release|Any CPU
		{9FAF7CCB-84DA-57F0-8C5D-619D474E6C52}.Release|Any CPU.Build.0 = Release|Any CPU
		{4369D608-CEF7-9B2F-EFC7-914EF4C2AE3E}.Debug|Any CPU.ActiveCfg = Debug|Any CPU
		{4369D608-CEF7-9B2F-EFC7-914EF4C2AE3E}.Debug|Any CPU.Build.0 = Debug|Any CPU
		{4369D608-CEF7-9B2F-EFC7-914EF4C2AE3E}.Release|Any CPU.ActiveCfg = Release|Any CPU
		{4369D608-CEF7-9B2F-EFC7-914EF4C2AE3E}.Release|Any CPU.Build.0 = Release|Any CPU
		{3C319D2E-6502-39DA-46C8-9E2DC889C518}.Debug|Any CPU.ActiveCfg = Debug|Any CPU
		{3C319D2E-6502-39DA-46C8-9E2DC889C518}.Debug|Any CPU.Build.0 = Debug|Any CPU
		{3C319D2E-6502-39DA-46C8-9E2DC889C518}.Release|Any CPU.ActiveCfg = Release|Any CPU
		{3C319D2E-6502-39DA-46C8-9E2DC889C518}.Release|Any CPU.Build.0 = Release|Any CPU
		{A0E165E4-A6AE-452A-D45C-193971AA9FE7}.Debug|Any CPU.ActiveCfg = Debug|Any CPU
		{A0E165E4-A6AE-452A-D45C-193971AA9FE7}.Debug|Any CPU.Build.0 = Debug|Any CPU
		{A0E165E4-A6AE-452A-D45C-193971AA9FE7}.Release|Any CPU.ActiveCfg = Release|Any CPU
		{A0E165E4-A6AE-452A-D45C-193971AA9FE7}.Release|Any CPU.Build.0 = Release|Any CPU
		{9F414AC9-FE80-D19B-33E2-28ADBD15329E}.Debug|Any CPU.ActiveCfg = Debug|Any CPU
		{9F414AC9-FE80-D19B-33E2-28ADBD15329E}.Debug|Any CPU.Build.0 = Debug|Any CPU
		{9F414AC9-FE80-D19B-33E2-28ADBD15329E}.Release|Any CPU.ActiveCfg = Release|Any CPU
		{9F414AC9-FE80-D19B-33E2-28ADBD15329E}.Release|Any CPU.Build.0 = Release|Any CPU
		{A6417FC6-1F75-7DD6-3634-F7F64AB22FEF}.Debug|Any CPU.ActiveCfg = Debug|Any CPU
		{A6417FC6-1F75-7DD6-3634-F7F64AB22FEF}.Debug|Any CPU.Build.0 = Debug|Any CPU
		{A6417FC6-1F75-7DD6-3634-F7F64AB22FEF}.Release|Any CPU.ActiveCfg = Release|Any CPU
		{A6417FC6-1F75-7DD6-3634-F7F64AB22FEF}.Release|Any CPU.Build.0 = Release|Any CPU
		{CA33247C-2A19-B613-13C6-E115287CB67F}.Debug|Any CPU.ActiveCfg = Debug|Any CPU
		{CA33247C-2A19-B613-13C6-E115287CB67F}.Debug|Any CPU.Build.0 = Debug|Any CPU
		{CA33247C-2A19-B613-13C6-E115287CB67F}.Release|Any CPU.ActiveCfg = Release|Any CPU
		{CA33247C-2A19-B613-13C6-E115287CB67F}.Release|Any CPU.Build.0 = Release|Any CPU
		{FBBB38F5-4193-D933-615B-C52B795D95B0}.Debug|Any CPU.ActiveCfg = Debug|Any CPU
		{FBBB38F5-4193-D933-615B-C52B795D95B0}.Debug|Any CPU.Build.0 = Debug|Any CPU
		{FBBB38F5-4193-D933-615B-C52B795D95B0}.Release|Any CPU.ActiveCfg = Release|Any CPU
		{FBBB38F5-4193-D933-615B-C52B795D95B0}.Release|Any CPU.Build.0 = Release|Any CPU
		{FA18FB01-C4A0-48E0-CFEF-019690128582}.Debug|Any CPU.ActiveCfg = Debug|Any CPU
		{FA18FB01-C4A0-48E0-CFEF-019690128582}.Debug|Any CPU.Build.0 = Debug|Any CPU
		{FA18FB01-C4A0-48E0-CFEF-019690128582}.Release|Any CPU.ActiveCfg = Release|Any CPU
		{FA18FB01-C4A0-48E0-CFEF-019690128582}.Release|Any CPU.Build.0 = Release|Any CPU
		{1A7A3534-2D66-CD03-0020-195394274F16}.Debug|Any CPU.ActiveCfg = Debug|Any CPU
		{1A7A3534-2D66-CD03-0020-195394274F16}.Debug|Any CPU.Build.0 = Debug|Any CPU
		{1A7A3534-2D66-CD03-0020-195394274F16}.Release|Any CPU.ActiveCfg = Release|Any CPU
		{1A7A3534-2D66-CD03-0020-195394274F16}.Release|Any CPU.Build.0 = Release|Any CPU
		{8DC9A03E-E673-F2D5-DB8A-DC267C1CA3CE}.Debug|Any CPU.ActiveCfg = Debug|Any CPU
		{8DC9A03E-E673-F2D5-DB8A-DC267C1CA3CE}.Debug|Any CPU.Build.0 = Debug|Any CPU
		{8DC9A03E-E673-F2D5-DB8A-DC267C1CA3CE}.Release|Any CPU.ActiveCfg = Release|Any CPU
		{8DC9A03E-E673-F2D5-DB8A-DC267C1CA3CE}.Release|Any CPU.Build.0 = Release|Any CPU
		{C90DF20F-1C41-0649-F76A-85B2FB8460DC}.Debug|Any CPU.ActiveCfg = Debug|Any CPU
		{C90DF20F-1C41-0649-F76A-85B2FB8460DC}.Debug|Any CPU.Build.0 = Debug|Any CPU
		{C90DF20F-1C41-0649-F76A-85B2FB8460DC}.Release|Any CPU.ActiveCfg = Release|Any CPU
		{C90DF20F-1C41-0649-F76A-85B2FB8460DC}.Release|Any CPU.Build.0 = Release|Any CPU
		{23127F29-3E22-A61A-A52E-CCD0C3B2739F}.Debug|Any CPU.ActiveCfg = Debug|Any CPU
		{23127F29-3E22-A61A-A52E-CCD0C3B2739F}.Debug|Any CPU.Build.0 = Debug|Any CPU
		{23127F29-3E22-A61A-A52E-CCD0C3B2739F}.Release|Any CPU.ActiveCfg = Release|Any CPU
		{23127F29-3E22-A61A-A52E-CCD0C3B2739F}.Release|Any CPU.Build.0 = Release|Any CPU
		{31B0D843-C375-6BEF-1CFF-F922E1DA73B8}.Debug|Any CPU.ActiveCfg = Debug|Any CPU
		{31B0D843-C375-6BEF-1CFF-F922E1DA73B8}.Debug|Any CPU.Build.0 = Debug|Any CPU
		{31B0D843-C375-6BEF-1CFF-F922E1DA73B8}.Release|Any CPU.ActiveCfg = Release|Any CPU
		{31B0D843-C375-6BEF-1CFF-F922E1DA73B8}.Release|Any CPU.Build.0 = Release|Any CPU
		{4F2411B9-3730-2D31-F633-701BC5914272}.Debug|Any CPU.ActiveCfg = Debug|Any CPU
		{4F2411B9-3730-2D31-F633-701BC5914272}.Debug|Any CPU.Build.0 = Debug|Any CPU
		{4F2411B9-3730-2D31-F633-701BC5914272}.Release|Any CPU.ActiveCfg = Release|Any CPU
		{4F2411B9-3730-2D31-F633-701BC5914272}.Release|Any CPU.Build.0 = Release|Any CPU
		{4DDF11D3-9740-AA7B-F0ED-A53679CE38E5}.Debug|Any CPU.ActiveCfg = Debug|Any CPU
		{4DDF11D3-9740-AA7B-F0ED-A53679CE38E5}.Debug|Any CPU.Build.0 = Debug|Any CPU
		{4DDF11D3-9740-AA7B-F0ED-A53679CE38E5}.Release|Any CPU.ActiveCfg = Release|Any CPU
		{4DDF11D3-9740-AA7B-F0ED-A53679CE38E5}.Release|Any CPU.Build.0 = Release|Any CPU
		{127418D1-47C3-2F4C-19DA-89DA854F458B}.Debug|Any CPU.ActiveCfg = Debug|Any CPU
		{127418D1-47C3-2F4C-19DA-89DA854F458B}.Debug|Any CPU.Build.0 = Debug|Any CPU
		{127418D1-47C3-2F4C-19DA-89DA854F458B}.Release|Any CPU.ActiveCfg = Release|Any CPU
		{127418D1-47C3-2F4C-19DA-89DA854F458B}.Release|Any CPU.Build.0 = Release|Any CPU
		{47EABF19-0969-3BF5-3EE8-6F47EB3B7A2B}.Debug|Any CPU.ActiveCfg = Debug|Any CPU
		{47EABF19-0969-3BF5-3EE8-6F47EB3B7A2B}.Debug|Any CPU.Build.0 = Debug|Any CPU
		{47EABF19-0969-3BF5-3EE8-6F47EB3B7A2B}.Release|Any CPU.ActiveCfg = Release|Any CPU
		{47EABF19-0969-3BF5-3EE8-6F47EB3B7A2B}.Release|Any CPU.Build.0 = Release|Any CPU
		{C3FB5B78-1F93-445B-69AD-0AC1F1B90673}.Debug|Any CPU.ActiveCfg = Debug|Any CPU
		{C3FB5B78-1F93-445B-69AD-0AC1F1B90673}.Debug|Any CPU.Build.0 = Debug|Any CPU
		{C3FB5B78-1F93-445B-69AD-0AC1F1B90673}.Release|Any CPU.ActiveCfg = Release|Any CPU
		{C3FB5B78-1F93-445B-69AD-0AC1F1B90673}.Release|Any CPU.Build.0 = Release|Any CPU
		{2AA20FA9-541F-BE71-68CE-B51258CA87FC}.Debug|Any CPU.ActiveCfg = Debug|Any CPU
		{2AA20FA9-541F-BE71-68CE-B51258CA87FC}.Debug|Any CPU.Build.0 = Debug|Any CPU
		{2AA20FA9-541F-BE71-68CE-B51258CA87FC}.Release|Any CPU.ActiveCfg = Release|Any CPU
		{2AA20FA9-541F-BE71-68CE-B51258CA87FC}.Release|Any CPU.Build.0 = Release|Any CPU
		{ACD75155-E525-FFE2-A174-773CC312FA1E}.Debug|Any CPU.ActiveCfg = Debug|Any CPU
		{ACD75155-E525-FFE2-A174-773CC312FA1E}.Debug|Any CPU.Build.0 = Debug|Any CPU
		{ACD75155-E525-FFE2-A174-773CC312FA1E}.Release|Any CPU.ActiveCfg = Release|Any CPU
		{ACD75155-E525-FFE2-A174-773CC312FA1E}.Release|Any CPU.Build.0 = Release|Any CPU
		{7349A92B-5130-B64A-FDC2-8D05C1D07D26}.Debug|Any CPU.ActiveCfg = Debug|Any CPU
		{7349A92B-5130-B64A-FDC2-8D05C1D07D26}.Debug|Any CPU.Build.0 = Debug|Any CPU
		{7349A92B-5130-B64A-FDC2-8D05C1D07D26}.Release|Any CPU.ActiveCfg = Release|Any CPU
		{7349A92B-5130-B64A-FDC2-8D05C1D07D26}.Release|Any CPU.Build.0 = Release|Any CPU
		{534C0DCD-0C90-71DF-5567-819C92E4C91E}.Debug|Any CPU.ActiveCfg = Debug|Any CPU
		{534C0DCD-0C90-71DF-5567-819C92E4C91E}.Debug|Any CPU.Build.0 = Debug|Any CPU
		{534C0DCD-0C90-71DF-5567-819C92E4C91E}.Release|Any CPU.ActiveCfg = Release|Any CPU
		{534C0DCD-0C90-71DF-5567-819C92E4C91E}.Release|Any CPU.Build.0 = Release|Any CPU
		{C2147E33-1050-83F6-5BB3-18C6A000AC13}.Debug|Any CPU.ActiveCfg = Debug|Any CPU
		{C2147E33-1050-83F6-5BB3-18C6A000AC13}.Debug|Any CPU.Build.0 = Debug|Any CPU
		{C2147E33-1050-83F6-5BB3-18C6A000AC13}.Release|Any CPU.ActiveCfg = Release|Any CPU
		{C2147E33-1050-83F6-5BB3-18C6A000AC13}.Release|Any CPU.Build.0 = Release|Any CPU
		{79DCBDD9-542F-368D-CA6E-2C273F1B7999}.Debug|Any CPU.ActiveCfg = Debug|Any CPU
		{79DCBDD9-542F-368D-CA6E-2C273F1B7999}.Debug|Any CPU.Build.0 = Debug|Any CPU
		{79DCBDD9-542F-368D-CA6E-2C273F1B7999}.Release|Any CPU.ActiveCfg = Release|Any CPU
		{79DCBDD9-542F-368D-CA6E-2C273F1B7999}.Release|Any CPU.Build.0 = Release|Any CPU
		{64E4CF61-9B27-9106-D3E1-7785AFFDCF17}.Debug|Any CPU.ActiveCfg = Debug|Any CPU
		{64E4CF61-9B27-9106-D3E1-7785AFFDCF17}.Debug|Any CPU.Build.0 = Debug|Any CPU
		{64E4CF61-9B27-9106-D3E1-7785AFFDCF17}.Release|Any CPU.ActiveCfg = Release|Any CPU
		{64E4CF61-9B27-9106-D3E1-7785AFFDCF17}.Release|Any CPU.Build.0 = Release|Any CPU
		{42B946DE-CEAD-E2BB-5799-9D4B91586F29}.Debug|Any CPU.ActiveCfg = Debug|Any CPU
		{42B946DE-CEAD-E2BB-5799-9D4B91586F29}.Debug|Any CPU.Build.0 = Debug|Any CPU
		{42B946DE-CEAD-E2BB-5799-9D4B91586F29}.Release|Any CPU.ActiveCfg = Release|Any CPU
		{42B946DE-CEAD-E2BB-5799-9D4B91586F29}.Release|Any CPU.Build.0 = Release|Any CPU
		{3D079098-B056-B310-F345-29F5F9A6F702}.Debug|Any CPU.ActiveCfg = Debug|Any CPU
		{3D079098-B056-B310-F345-29F5F9A6F702}.Debug|Any CPU.Build.0 = Debug|Any CPU
		{3D079098-B056-B310-F345-29F5F9A6F702}.Release|Any CPU.ActiveCfg = Release|Any CPU
		{3D079098-B056-B310-F345-29F5F9A6F702}.Release|Any CPU.Build.0 = Release|Any CPU
		{B0781ED9-6AF1-5679-7A04-01F6A618AAB5}.Debug|Any CPU.ActiveCfg = Debug|Any CPU
		{B0781ED9-6AF1-5679-7A04-01F6A618AAB5}.Debug|Any CPU.Build.0 = Debug|Any CPU
		{B0781ED9-6AF1-5679-7A04-01F6A618AAB5}.Release|Any CPU.ActiveCfg = Release|Any CPU
		{B0781ED9-6AF1-5679-7A04-01F6A618AAB5}.Release|Any CPU.Build.0 = Release|Any CPU
		{F7C6069E-2989-B2F3-35CF-1A5AEE683467}.Debug|Any CPU.ActiveCfg = Debug|Any CPU
		{F7C6069E-2989-B2F3-35CF-1A5AEE683467}.Debug|Any CPU.Build.0 = Debug|Any CPU
		{F7C6069E-2989-B2F3-35CF-1A5AEE683467}.Release|Any CPU.ActiveCfg = Release|Any CPU
		{F7C6069E-2989-B2F3-35CF-1A5AEE683467}.Release|Any CPU.Build.0 = Release|Any CPU
		{C076D86F-13C7-856A-34DE-DFD6DB6D0995}.Debug|Any CPU.ActiveCfg = Debug|Any CPU
		{C076D86F-13C7-856A-34DE-DFD6DB6D0995}.Debug|Any CPU.Build.0 = Debug|Any CPU
		{C076D86F-13C7-856A-34DE-DFD6DB6D0995}.Release|Any CPU.ActiveCfg = Release|Any CPU
		{C076D86F-13C7-856A-34DE-DFD6DB6D0995}.Release|Any CPU.Build.0 = Release|Any CPU
		{4C5667D5-3AED-A3AE-D27A-53F73B2422EF}.Debug|Any CPU.ActiveCfg = Debug|Any CPU
		{4C5667D5-3AED-A3AE-D27A-53F73B2422EF}.Debug|Any CPU.Build.0 = Debug|Any CPU
		{4C5667D5-3AED-A3AE-D27A-53F73B2422EF}.Release|Any CPU.ActiveCfg = Release|Any CPU
		{4C5667D5-3AED-A3AE-D27A-53F73B2422EF}.Release|Any CPU.Build.0 = Release|Any CPU
		{A6E4D76C-1212-AE28-FB78-102EDBCBF621}.Debug|Any CPU.ActiveCfg = Debug|Any CPU
		{A6E4D76C-1212-AE28-FB78-102EDBCBF621}.Debug|Any CPU.Build.0 = Debug|Any CPU
		{A6E4D76C-1212-AE28-FB78-102EDBCBF621}.Release|Any CPU.ActiveCfg = Release|Any CPU
		{A6E4D76C-1212-AE28-FB78-102EDBCBF621}.Release|Any CPU.Build.0 = Release|Any CPU
		{4C0D77E8-C349-DD35-30D5-BC224E2DC4E7}.Debug|Any CPU.ActiveCfg = Debug|Any CPU
		{4C0D77E8-C349-DD35-30D5-BC224E2DC4E7}.Debug|Any CPU.Build.0 = Debug|Any CPU
		{4C0D77E8-C349-DD35-30D5-BC224E2DC4E7}.Release|Any CPU.ActiveCfg = Release|Any CPU
		{4C0D77E8-C349-DD35-30D5-BC224E2DC4E7}.Release|Any CPU.Build.0 = Release|Any CPU
	EndGlobalSection
	GlobalSection(SolutionProperties) = preSolution
		HideSolutionNode = FALSE
	EndGlobalSection
EndGlobal
